// !$*UTF8*$!
{
	archiveVersion = 1;
	classes = {
	};
	objectVersion = 50;
	objects = {

/* Begin PBXBuildFile section */
		7161D9F825F317F2004B978B /* AppDelegate.swift in Sources */ = {isa = PBXBuildFile; fileRef = 7161D9F725F317F2004B978B /* AppDelegate.swift */; };
		7161D9FA25F317F2004B978B /* SceneDelegate.swift in Sources */ = {isa = PBXBuildFile; fileRef = 7161D9F925F317F2004B978B /* SceneDelegate.swift */; };
		7161D9FC25F317F2004B978B /* ViewController.swift in Sources */ = {isa = PBXBuildFile; fileRef = 7161D9FB25F317F2004B978B /* ViewController.swift */; };
		7161D9FF25F317F2004B978B /* Main.storyboard in Resources */ = {isa = PBXBuildFile; fileRef = 7161D9FD25F317F2004B978B /* Main.storyboard */; };
		7161DA0125F317F6004B978B /* Assets.xcassets in Resources */ = {isa = PBXBuildFile; fileRef = 7161DA0025F317F6004B978B /* Assets.xcassets */; };
		7161DA0425F317F6004B978B /* LaunchScreen.storyboard in Resources */ = {isa = PBXBuildFile; fileRef = 7161DA0225F317F6004B978B /* LaunchScreen.storyboard */; };
		7161DA0F25F317F6004B978B /* StarWarsTests.swift in Sources */ = {isa = PBXBuildFile; fileRef = 7161DA0E25F317F6004B978B /* StarWarsTests.swift */; };
		7161DA1A25F317F6004B978B /* StarWarsUITests.swift in Sources */ = {isa = PBXBuildFile; fileRef = 7161DA1925F317F6004B978B /* StarWarsUITests.swift */; };
		7161DA2E25F31BA5004B978B /* starwars.swift in Sources */ = {isa = PBXBuildFile; fileRef = 7161DA2D25F31BA5004B978B /* starwars.swift */; };
/* End PBXBuildFile section */

/* Begin PBXContainerItemProxy section */
		7161DA0B25F317F6004B978B /* PBXContainerItemProxy */ = {
			isa = PBXContainerItemProxy;
			containerPortal = 7161D9EC25F317F2004B978B /* Project object */;
			proxyType = 1;
			remoteGlobalIDString = 7161D9F325F317F2004B978B;
			remoteInfo = StarWars;
		};
		7161DA1625F317F6004B978B /* PBXContainerItemProxy */ = {
			isa = PBXContainerItemProxy;
			containerPortal = 7161D9EC25F317F2004B978B /* Project object */;
			proxyType = 1;
			remoteGlobalIDString = 7161D9F325F317F2004B978B;
			remoteInfo = StarWars;
		};
/* End PBXContainerItemProxy section */

/* Begin PBXFileReference section */
		7161D9F425F317F2004B978B /* StarWars.app */ = {isa = PBXFileReference; explicitFileType = wrapper.application; includeInIndex = 0; path = StarWars.app; sourceTree = BUILT_PRODUCTS_DIR; };
		7161D9F725F317F2004B978B /* AppDelegate.swift */ = {isa = PBXFileReference; lastKnownFileType = sourcecode.swift; path = AppDelegate.swift; sourceTree = "<group>"; };
		7161D9F925F317F2004B978B /* SceneDelegate.swift */ = {isa = PBXFileReference; lastKnownFileType = sourcecode.swift; path = SceneDelegate.swift; sourceTree = "<group>"; };
		7161D9FB25F317F2004B978B /* ViewController.swift */ = {isa = PBXFileReference; lastKnownFileType = sourcecode.swift; path = ViewController.swift; sourceTree = "<group>"; };
		7161D9FE25F317F2004B978B /* Base */ = {isa = PBXFileReference; lastKnownFileType = file.storyboard; name = Base; path = Base.lproj/Main.storyboard; sourceTree = "<group>"; };
		7161DA0025F317F6004B978B /* Assets.xcassets */ = {isa = PBXFileReference; lastKnownFileType = folder.assetcatalog; path = Assets.xcassets; sourceTree = "<group>"; };
		7161DA0325F317F6004B978B /* Base */ = {isa = PBXFileReference; lastKnownFileType = file.storyboard; name = Base; path = Base.lproj/LaunchScreen.storyboard; sourceTree = "<group>"; };
		7161DA0525F317F6004B978B /* Info.plist */ = {isa = PBXFileReference; lastKnownFileType = text.plist.xml; path = Info.plist; sourceTree = "<group>"; };
		7161DA0A25F317F6004B978B /* StarWarsTests.xctest */ = {isa = PBXFileReference; explicitFileType = wrapper.cfbundle; includeInIndex = 0; path = StarWarsTests.xctest; sourceTree = BUILT_PRODUCTS_DIR; };
		7161DA0E25F317F6004B978B /* StarWarsTests.swift */ = {isa = PBXFileReference; lastKnownFileType = sourcecode.swift; path = StarWarsTests.swift; sourceTree = "<group>"; };
		7161DA1025F317F6004B978B /* Info.plist */ = {isa = PBXFileReference; lastKnownFileType = text.plist.xml; path = Info.plist; sourceTree = "<group>"; };
		7161DA1525F317F6004B978B /* StarWarsUITests.xctest */ = {isa = PBXFileReference; explicitFileType = wrapper.cfbundle; includeInIndex = 0; path = StarWarsUITests.xctest; sourceTree = BUILT_PRODUCTS_DIR; };
		7161DA1925F317F6004B978B /* StarWarsUITests.swift */ = {isa = PBXFileReference; lastKnownFileType = sourcecode.swift; path = StarWarsUITests.swift; sourceTree = "<group>"; };
		7161DA1B25F317F6004B978B /* Info.plist */ = {isa = PBXFileReference; lastKnownFileType = text.plist.xml; path = Info.plist; sourceTree = "<group>"; };
		7161DA2D25F31BA5004B978B /* starwars.swift */ = {isa = PBXFileReference; lastKnownFileType = sourcecode.swift; path = starwars.swift; sourceTree = "<group>"; };
/* End PBXFileReference section */

/* Begin PBXFrameworksBuildPhase section */
		7161D9F125F317F2004B978B /* Frameworks */ = {
			isa = PBXFrameworksBuildPhase;
			buildActionMask = 2147483647;
			files = (
			);
			runOnlyForDeploymentPostprocessing = 0;
		};
		7161DA0725F317F6004B978B /* Frameworks */ = {
			isa = PBXFrameworksBuildPhase;
			buildActionMask = 2147483647;
			files = (
			);
			runOnlyForDeploymentPostprocessing = 0;
		};
		7161DA1225F317F6004B978B /* Frameworks */ = {
			isa = PBXFrameworksBuildPhase;
			buildActionMask = 2147483647;
			files = (
			);
			runOnlyForDeploymentPostprocessing = 0;
		};
/* End PBXFrameworksBuildPhase section */

/* Begin PBXGroup section */
		7161D9EB25F317F2004B978B = {
			isa = PBXGroup;
			children = (
				7161D9F625F317F2004B978B /* StarWars */,
				7161DA0D25F317F6004B978B /* StarWarsTests */,
				7161DA1825F317F6004B978B /* StarWarsUITests */,
				7161D9F525F317F2004B978B /* Products */,
			);
			sourceTree = "<group>";
		};
		7161D9F525F317F2004B978B /* Products */ = {
			isa = PBXGroup;
			children = (
				7161D9F425F317F2004B978B /* StarWars.app */,
				7161DA0A25F317F6004B978B /* StarWarsTests.xctest */,
				7161DA1525F317F6004B978B /* StarWarsUITests.xctest */,
			);
			name = Products;
			sourceTree = "<group>";
		};
		7161D9F625F317F2004B978B /* StarWars */ = {
			isa = PBXGroup;
			children = (
				7161D9F725F317F2004B978B /* AppDelegate.swift */,
				7161D9F925F317F2004B978B /* SceneDelegate.swift */,
				7161D9FB25F317F2004B978B /* ViewController.swift */,
				7161D9FD25F317F2004B978B /* Main.storyboard */,
				7161DA0025F317F6004B978B /* Assets.xcassets */,
				7161DA0225F317F6004B978B /* LaunchScreen.storyboard */,
				7161DA0525F317F6004B978B /* Info.plist */,
				7161DA2D25F31BA5004B978B /* starwars.swift */,
			);
			path = StarWars;
			sourceTree = "<group>";
		};
		7161DA0D25F317F6004B978B /* StarWarsTests */ = {
			isa = PBXGroup;
			children = (
				7161DA0E25F317F6004B978B /* StarWarsTests.swift */,
				7161DA1025F317F6004B978B /* Info.plist */,
			);
			path = StarWarsTests;
			sourceTree = "<group>";
		};
		7161DA1825F317F6004B978B /* StarWarsUITests */ = {
			isa = PBXGroup;
			children = (
				7161DA1925F317F6004B978B /* StarWarsUITests.swift */,
				7161DA1B25F317F6004B978B /* Info.plist */,
			);
			path = StarWarsUITests;
			sourceTree = "<group>";
		};
/* End PBXGroup section */

/* Begin PBXNativeTarget section */
		7161D9F325F317F2004B978B /* StarWars */ = {
			isa = PBXNativeTarget;
			buildConfigurationList = 7161DA1E25F317F6004B978B /* Build configuration list for PBXNativeTarget "StarWars" */;
			buildPhases = (
				7161D9F025F317F2004B978B /* Sources */,
				7161D9F125F317F2004B978B /* Frameworks */,
				7161D9F225F317F2004B978B /* Resources */,
			);
			buildRules = (
			);
			dependencies = (
			);
			name = StarWars;
			productName = StarWars;
			productReference = 7161D9F425F317F2004B978B /* StarWars.app */;
			productType = "com.apple.product-type.application";
		};
		7161DA0925F317F6004B978B /* StarWarsTests */ = {
			isa = PBXNativeTarget;
			buildConfigurationList = 7161DA2125F317F6004B978B /* Build configuration list for PBXNativeTarget "StarWarsTests" */;
			buildPhases = (
				7161DA0625F317F6004B978B /* Sources */,
				7161DA0725F317F6004B978B /* Frameworks */,
				7161DA0825F317F6004B978B /* Resources */,
			);
			buildRules = (
			);
			dependencies = (
				7161DA0C25F317F6004B978B /* PBXTargetDependency */,
			);
			name = StarWarsTests;
			productName = StarWarsTests;
			productReference = 7161DA0A25F317F6004B978B /* StarWarsTests.xctest */;
			productType = "com.apple.product-type.bundle.unit-test";
		};
		7161DA1425F317F6004B978B /* StarWarsUITests */ = {
			isa = PBXNativeTarget;
			buildConfigurationList = 7161DA2425F317F6004B978B /* Build configuration list for PBXNativeTarget "StarWarsUITests" */;
			buildPhases = (
				7161DA1125F317F6004B978B /* Sources */,
				7161DA1225F317F6004B978B /* Frameworks */,
				7161DA1325F317F6004B978B /* Resources */,
			);
			buildRules = (
			);
			dependencies = (
				7161DA1725F317F6004B978B /* PBXTargetDependency */,
			);
			name = StarWarsUITests;
			productName = StarWarsUITests;
			productReference = 7161DA1525F317F6004B978B /* StarWarsUITests.xctest */;
			productType = "com.apple.product-type.bundle.ui-testing";
		};
/* End PBXNativeTarget section */

/* Begin PBXProject section */
		7161D9EC25F317F2004B978B /* Project object */ = {
			isa = PBXProject;
			attributes = {
				LastSwiftUpdateCheck = 1240;
				LastUpgradeCheck = 1240;
				TargetAttributes = {
					7161D9F325F317F2004B978B = {
						CreatedOnToolsVersion = 12.4;
					};
					7161DA0925F317F6004B978B = {
						CreatedOnToolsVersion = 12.4;
						TestTargetID = 7161D9F325F317F2004B978B;
					};
					7161DA1425F317F6004B978B = {
						CreatedOnToolsVersion = 12.4;
						TestTargetID = 7161D9F325F317F2004B978B;
					};
				};
			};
			buildConfigurationList = 7161D9EF25F317F2004B978B /* Build configuration list for PBXProject "StarWars" */;
			compatibilityVersion = "Xcode 9.3";
			developmentRegion = en;
			hasScannedForEncodings = 0;
			knownRegions = (
				en,
				Base,
			);
			mainGroup = 7161D9EB25F317F2004B978B;
			productRefGroup = 7161D9F525F317F2004B978B /* Products */;
			projectDirPath = "";
			projectRoot = "";
			targets = (
				7161D9F325F317F2004B978B /* StarWars */,
				7161DA0925F317F6004B978B /* StarWarsTests */,
				7161DA1425F317F6004B978B /* StarWarsUITests */,
			);
		};
/* End PBXProject section */

/* Begin PBXResourcesBuildPhase section */
		7161D9F225F317F2004B978B /* Resources */ = {
			isa = PBXResourcesBuildPhase;
			buildActionMask = 2147483647;
			files = (
				7161DA0425F317F6004B978B /* LaunchScreen.storyboard in Resources */,
				7161DA0125F317F6004B978B /* Assets.xcassets in Resources */,
				7161D9FF25F317F2004B978B /* Main.storyboard in Resources */,
			);
			runOnlyForDeploymentPostprocessing = 0;
		};
		7161DA0825F317F6004B978B /* Resources */ = {
			isa = PBXResourcesBuildPhase;
			buildActionMask = 2147483647;
			files = (
			);
			runOnlyForDeploymentPostprocessing = 0;
		};
		7161DA1325F317F6004B978B /* Resources */ = {
			isa = PBXResourcesBuildPhase;
			buildActionMask = 2147483647;
			files = (
			);
			runOnlyForDeploymentPostprocessing = 0;
		};
/* End PBXResourcesBuildPhase section */

/* Begin PBXSourcesBuildPhase section */
		7161D9F025F317F2004B978B /* Sources */ = {
			isa = PBXSourcesBuildPhase;
			buildActionMask = 2147483647;
			files = (
				7161DA2E25F31BA5004B978B /* starwars.swift in Sources */,
				7161D9FC25F317F2004B978B /* ViewController.swift in Sources */,
				7161D9F825F317F2004B978B /* AppDelegate.swift in Sources */,
				7161D9FA25F317F2004B978B /* SceneDelegate.swift in Sources */,
			);
			runOnlyForDeploymentPostprocessing = 0;
		};
		7161DA0625F317F6004B978B /* Sources */ = {
			isa = PBXSourcesBuildPhase;
			buildActionMask = 2147483647;
			files = (
				7161DA0F25F317F6004B978B /* StarWarsTests.swift in Sources */,
			);
			runOnlyForDeploymentPostprocessing = 0;
		};
		7161DA1125F317F6004B978B /* Sources */ = {
			isa = PBXSourcesBuildPhase;
			buildActionMask = 2147483647;
			files = (
				7161DA1A25F317F6004B978B /* StarWarsUITests.swift in Sources */,
			);
			runOnlyForDeploymentPostprocessing = 0;
		};
/* End PBXSourcesBuildPhase section */

/* Begin PBXTargetDependency section */
		7161DA0C25F317F6004B978B /* PBXTargetDependency */ = {
			isa = PBXTargetDependency;
			target = 7161D9F325F317F2004B978B /* StarWars */;
			targetProxy = 7161DA0B25F317F6004B978B /* PBXContainerItemProxy */;
		};
		7161DA1725F317F6004B978B /* PBXTargetDependency */ = {
			isa = PBXTargetDependency;
			target = 7161D9F325F317F2004B978B /* StarWars */;
			targetProxy = 7161DA1625F317F6004B978B /* PBXContainerItemProxy */;
		};
/* End PBXTargetDependency section */

/* Begin PBXVariantGroup section */
		7161D9FD25F317F2004B978B /* Main.storyboard */ = {
			isa = PBXVariantGroup;
			children = (
				7161D9FE25F317F2004B978B /* Base */,
			);
			name = Main.storyboard;
			sourceTree = "<group>";
		};
		7161DA0225F317F6004B978B /* LaunchScreen.storyboard */ = {
			isa = PBXVariantGroup;
			children = (
				7161DA0325F317F6004B978B /* Base */,
			);
			name = LaunchScreen.storyboard;
			sourceTree = "<group>";
		};
/* End PBXVariantGroup section */

/* Begin XCBuildConfiguration section */
		7161DA1C25F317F6004B978B /* Debug */ = {
			isa = XCBuildConfiguration;
			buildSettings = {
				ALWAYS_SEARCH_USER_PATHS = NO;
				CLANG_ANALYZER_NONNULL = YES;
				CLANG_ANALYZER_NUMBER_OBJECT_CONVERSION = YES_AGGRESSIVE;
				CLANG_CXX_LANGUAGE_STANDARD = "gnu++14";
				CLANG_CXX_LIBRARY = "libc++";
				CLANG_ENABLE_MODULES = YES;
				CLANG_ENABLE_OBJC_ARC = YES;
				CLANG_ENABLE_OBJC_WEAK = YES;
				CLANG_WARN_BLOCK_CAPTURE_AUTORELEASING = YES;
				CLANG_WARN_BOOL_CONVERSION = YES;
				CLANG_WARN_COMMA = YES;
				CLANG_WARN_CONSTANT_CONVERSION = YES;
				CLANG_WARN_DEPRECATED_OBJC_IMPLEMENTATIONS = YES;
				CLANG_WARN_DIRECT_OBJC_ISA_USAGE = YES_ERROR;
				CLANG_WARN_DOCUMENTATION_COMMENTS = YES;
				CLANG_WARN_EMPTY_BODY = YES;
				CLANG_WARN_ENUM_CONVERSION = YES;
				CLANG_WARN_INFINITE_RECURSION = YES;
				CLANG_WARN_INT_CONVERSION = YES;
				CLANG_WARN_NON_LITERAL_NULL_CONVERSION = YES;
				CLANG_WARN_OBJC_IMPLICIT_RETAIN_SELF = YES;
				CLANG_WARN_OBJC_LITERAL_CONVERSION = YES;
				CLANG_WARN_OBJC_ROOT_CLASS = YES_ERROR;
				CLANG_WARN_QUOTED_INCLUDE_IN_FRAMEWORK_HEADER = YES;
				CLANG_WARN_RANGE_LOOP_ANALYSIS = YES;
				CLANG_WARN_STRICT_PROTOTYPES = YES;
				CLANG_WARN_SUSPICIOUS_MOVE = YES;
				CLANG_WARN_UNGUARDED_AVAILABILITY = YES_AGGRESSIVE;
				CLANG_WARN_UNREACHABLE_CODE = YES;
				CLANG_WARN__DUPLICATE_METHOD_MATCH = YES;
				COPY_PHASE_STRIP = NO;
				DEBUG_INFORMATION_FORMAT = dwarf;
				ENABLE_STRICT_OBJC_MSGSEND = YES;
				ENABLE_TESTABILITY = YES;
				GCC_C_LANGUAGE_STANDARD = gnu11;
				GCC_DYNAMIC_NO_PIC = NO;
				GCC_NO_COMMON_BLOCKS = YES;
				GCC_OPTIMIZATION_LEVEL = 0;
				GCC_PREPROCESSOR_DEFINITIONS = (
					"DEBUG=1",
					"$(inherited)",
				);
				GCC_WARN_64_TO_32_BIT_CONVERSION = YES;
				GCC_WARN_ABOUT_RETURN_TYPE = YES_ERROR;
				GCC_WARN_UNDECLARED_SELECTOR = YES;
				GCC_WARN_UNINITIALIZED_AUTOS = YES_AGGRESSIVE;
				GCC_WARN_UNUSED_FUNCTION = YES;
				GCC_WARN_UNUSED_VARIABLE = YES;
				IPHONEOS_DEPLOYMENT_TARGET = 14.4;
				MTL_ENABLE_DEBUG_INFO = INCLUDE_SOURCE;
				MTL_FAST_MATH = YES;
				ONLY_ACTIVE_ARCH = YES;
				SDKROOT = iphoneos;
				SWIFT_ACTIVE_COMPILATION_CONDITIONS = DEBUG;
				SWIFT_OPTIMIZATION_LEVEL = "-Onone";
			};
			name = Debug;
		};
		7161DA1D25F317F6004B978B /* Release */ = {
			isa = XCBuildConfiguration;
			buildSettings = {
				ALWAYS_SEARCH_USER_PATHS = NO;
				CLANG_ANALYZER_NONNULL = YES;
				CLANG_ANALYZER_NUMBER_OBJECT_CONVERSION = YES_AGGRESSIVE;
				CLANG_CXX_LANGUAGE_STANDARD = "gnu++14";
				CLANG_CXX_LIBRARY = "libc++";
				CLANG_ENABLE_MODULES = YES;
				CLANG_ENABLE_OBJC_ARC = YES;
				CLANG_ENABLE_OBJC_WEAK = YES;
				CLANG_WARN_BLOCK_CAPTURE_AUTORELEASING = YES;
				CLANG_WARN_BOOL_CONVERSION = YES;
				CLANG_WARN_COMMA = YES;
				CLANG_WARN_CONSTANT_CONVERSION = YES;
				CLANG_WARN_DEPRECATED_OBJC_IMPLEMENTATIONS = YES;
				CLANG_WARN_DIRECT_OBJC_ISA_USAGE = YES_ERROR;
				CLANG_WARN_DOCUMENTATION_COMMENTS = YES;
				CLANG_WARN_EMPTY_BODY = YES;
				CLANG_WARN_ENUM_CONVERSION = YES;
				CLANG_WARN_INFINITE_RECURSION = YES;
				CLANG_WARN_INT_CONVERSION = YES;
				CLANG_WARN_NON_LITERAL_NULL_CONVERSION = YES;
				CLANG_WARN_OBJC_IMPLICIT_RETAIN_SELF = YES;
				CLANG_WARN_OBJC_LITERAL_CONVERSION = YES;
				CLANG_WARN_OBJC_ROOT_CLASS = YES_ERROR;
				CLANG_WARN_QUOTED_INCLUDE_IN_FRAMEWORK_HEADER = YES;
				CLANG_WARN_RANGE_LOOP_ANALYSIS = YES;
				CLANG_WARN_STRICT_PROTOTYPES = YES;
				CLANG_WARN_SUSPICIOUS_MOVE = YES;
				CLANG_WARN_UNGUARDED_AVAILABILITY = YES_AGGRESSIVE;
				CLANG_WARN_UNREACHABLE_CODE = YES;
				CLANG_WARN__DUPLICATE_METHOD_MATCH = YES;
				COPY_PHASE_STRIP = NO;
				DEBUG_INFORMATION_FORMAT = "dwarf-with-dsym";
				ENABLE_NS_ASSERTIONS = NO;
				ENABLE_STRICT_OBJC_MSGSEND = YES;
				GCC_C_LANGUAGE_STANDARD = gnu11;
				GCC_NO_COMMON_BLOCKS = YES;
				GCC_WARN_64_TO_32_BIT_CONVERSION = YES;
				GCC_WARN_ABOUT_RETURN_TYPE = YES_ERROR;
				GCC_WARN_UNDECLARED_SELECTOR = YES;
				GCC_WARN_UNINITIALIZED_AUTOS = YES_AGGRESSIVE;
				GCC_WARN_UNUSED_FUNCTION = YES;
				GCC_WARN_UNUSED_VARIABLE = YES;
				IPHONEOS_DEPLOYMENT_TARGET = 14.4;
				MTL_ENABLE_DEBUG_INFO = NO;
				MTL_FAST_MATH = YES;
				SDKROOT = iphoneos;
				SWIFT_COMPILATION_MODE = wholemodule;
				SWIFT_OPTIMIZATION_LEVEL = "-O";
				VALIDATE_PRODUCT = YES;
			};
			name = Release;
		};
		7161DA1F25F317F6004B978B /* Debug */ = {
			isa = XCBuildConfiguration;
			buildSettings = {
				ASSETCATALOG_COMPILER_APPICON_NAME = AppIcon;
				ASSETCATALOG_COMPILER_GLOBAL_ACCENT_COLOR_NAME = AccentColor;
				CODE_SIGN_STYLE = Automatic;
				DEVELOPMENT_TEAM = RXWCHW8L5J;
				INFOPLIST_FILE = StarWars/Info.plist;
				LD_RUNPATH_SEARCH_PATHS = (
					"$(inherited)",
					"@executable_path/Frameworks",
				);
				PRODUCT_BUNDLE_IDENTIFIER = com.yuimxstore.StarWars;
				PRODUCT_NAME = "$(TARGET_NAME)";
				SWIFT_VERSION = 5.0;
				TARGETED_DEVICE_FAMILY = "1,2";
			};
			name = Debug;
		};
		7161DA2025F317F6004B978B /* Release */ = {
			isa = XCBuildConfiguration;
			buildSettings = {
				ASSETCATALOG_COMPILER_APPICON_NAME = AppIcon;
				ASSETCATALOG_COMPILER_GLOBAL_ACCENT_COLOR_NAME = AccentColor;
				CODE_SIGN_STYLE = Automatic;
				DEVELOPMENT_TEAM = RXWCHW8L5J;
				INFOPLIST_FILE = StarWars/Info.plist;
				LD_RUNPATH_SEARCH_PATHS = (
					"$(inherited)",
					"@executable_path/Frameworks",
				);
				PRODUCT_BUNDLE_IDENTIFIER = com.yuimxstore.StarWars;
				PRODUCT_NAME = "$(TARGET_NAME)";
				SWIFT_VERSION = 5.0;
				TARGETED_DEVICE_FAMILY = "1,2";
			};
			name = Release;
		};
		7161DA2225F317F6004B978B /* Debug */ = {
			isa = XCBuildConfiguration;
			buildSettings = {
				ALWAYS_EMBED_SWIFT_STANDARD_LIBRARIES = YES;
				BUNDLE_LOADER = "$(TEST_HOST)";
				CODE_SIGN_STYLE = Automatic;
				DEVELOPMENT_TEAM = RXWCHW8L5J;
				INFOPLIST_FILE = StarWarsTests/Info.plist;
				IPHONEOS_DEPLOYMENT_TARGET = 14.4;
				LD_RUNPATH_SEARCH_PATHS = (
					"$(inherited)",
					"@executable_path/Frameworks",
					"@loader_path/Frameworks",
				);
				PRODUCT_BUNDLE_IDENTIFIER = com.yuimxstore.starwars.StarWarsTests;
				PRODUCT_NAME = "$(TARGET_NAME)";
				SWIFT_VERSION = 5.0;
				TARGETED_DEVICE_FAMILY = "1,2";
				TEST_HOST = "$(BUILT_PRODUCTS_DIR)/StarWars.app/StarWars";
			};
			name = Debug;
		};
		7161DA2325F317F6004B978B /* Release */ = {
			isa = XCBuildConfiguration;
			buildSettings = {
				ALWAYS_EMBED_SWIFT_STANDARD_LIBRARIES = YES;
				BUNDLE_LOADER = "$(TEST_HOST)";
				CODE_SIGN_STYLE = Automatic;
				DEVELOPMENT_TEAM = RXWCHW8L5J;
				INFOPLIST_FILE = StarWarsTests/Info.plist;
				IPHONEOS_DEPLOYMENT_TARGET = 14.4;
				LD_RUNPATH_SEARCH_PATHS = (
					"$(inherited)",
					"@executable_path/Frameworks",
					"@loader_path/Frameworks",
				);
				PRODUCT_BUNDLE_IDENTIFIER = com.yuimxstore.starwars.StarWarsTests;
				PRODUCT_NAME = "$(TARGET_NAME)";
				SWIFT_VERSION = 5.0;
				TARGETED_DEVICE_FAMILY = "1,2";
				TEST_HOST = "$(BUILT_PRODUCTS_DIR)/StarWars.app/StarWars";
			};
			name = Release;
		};
		7161DA2525F317F6004B978B /* Debug */ = {
			isa = XCBuildConfiguration;
			buildSettings = {
				ALWAYS_EMBED_SWIFT_STANDARD_LIBRARIES = YES;
				CODE_SIGN_STYLE = Automatic;
				DEVELOPMENT_TEAM = RXWCHW8L5J;
				INFOPLIST_FILE = StarWarsUITests/Info.plist;
				LD_RUNPATH_SEARCH_PATHS = (
					"$(inherited)",
					"@executable_path/Frameworks",
					"@loader_path/Frameworks",
				);
				PRODUCT_BUNDLE_IDENTIFIER = com.yuimxstore.starwars.StarWarsUITests;
				PRODUCT_NAME = "$(TARGET_NAME)";
				SWIFT_VERSION = 5.0;
				TARGETED_DEVICE_FAMILY = "1,2";
				TEST_TARGET_NAME = StarWars;
			};
			name = Debug;
		};
		7161DA2625F317F6004B978B /* Release */ = {
			isa = XCBuildConfiguration;
			buildSettings = {
				ALWAYS_EMBED_SWIFT_STANDARD_LIBRARIES = YES;
				CODE_SIGN_STYLE = Automatic;
				DEVELOPMENT_TEAM = RXWCHW8L5J;
				INFOPLIST_FILE = StarWarsUITests/Info.plist;
				LD_RUNPATH_SEARCH_PATHS = (
					"$(inherited)",
					"@executable_path/Frameworks",
					"@loader_path/Frameworks",
				);
				PRODUCT_BUNDLE_IDENTIFIER = com.yuimxstore.starwars.StarWarsUITests;
				PRODUCT_NAME = "$(TARGET_NAME)";
				SWIFT_VERSION = 5.0;
				TARGETED_DEVICE_FAMILY = "1,2";
				TEST_TARGET_NAME = StarWars;
			};
			name = Release;
		};
/* End XCBuildConfiguration section */

/* Begin XCConfigurationList section */
		7161D9EF25F317F2004B978B /* Build configuration list for PBXProject "StarWars" */ = {
			isa = XCConfigurationList;
			buildConfigurations = (
				7161DA1C25F317F6004B978B /* Debug */,
				7161DA1D25F317F6004B978B /* Release */,
			);
			defaultConfigurationIsVisible = 0;
			defaultConfigurationName = Release;
		};
		7161DA1E25F317F6004B978B /* Build configuration list for PBXNativeTarget "StarWars" */ = {
			isa = XCConfigurationList;
			buildConfigurations = (
				7161DA1F25F317F6004B978B /* Debug */,
				7161DA2025F317F6004B978B /* Release */,
			);
			defaultConfigurationIsVisible = 0;
			defaultConfigurationName = Release;
		};
		7161DA2125F317F6004B978B /* Build configuration list for PBXNativeTarget "StarWarsTests" */ = {
			isa = XCConfigurationList;
			buildConfigurations = (
				7161DA2225F317F6004B978B /* Debug */,
				7161DA2325F317F6004B978B /* Release */,
			);
			defaultConfigurationIsVisible = 0;
			defaultConfigurationName = Release;
		};
		7161DA2425F317F6004B978B /* Build configuration list for PBXNativeTarget "StarWarsUITests" */ = {
			isa = XCConfigurationList;
			buildConfigurations = (
				7161DA2525F317F6004B978B /* Debug */,
				7161DA2625F317F6004B978B /* Release */,
			);
			defaultConfigurationIsVisible = 0;
			defaultConfigurationName = Release;
		};
/* End XCConfigurationList section */
	};
	rootObject = 7161D9EC25F317F2004B978B /* Project object */;
}
